
Microsoft Visual Studio Solution File, Format Version 12.00
# Visual Studio 15
VisualStudioVersion = 15.0.27004.2005
MinimumVisualStudioVersion = 10.0.40219.1
Project("{FAE04EC0-301F-11D3-BF4B-00C04F79EFBC}") = "AYIZAProject", "AYIZAProject\AYIZAProject.csproj", "{0E06A4B7-93E0-43F6-9F31-D179B370AE0C}"
EndProject
Project("{FAE04EC0-301F-11D3-BF4B-00C04F79EFBC}") = "Ayiza.Dto", "Ayiza.Dto\Ayiza.Dto.csproj", "{0C6298B9-6F86-4056-95A6-761281D1BE8B}"
EndProject
Project("{FAE04EC0-301F-11D3-BF4B-00C04F79EFBC}") = "Ayiza.BL", "Ayiza.BL\Ayiza.BL.csproj", "{90BB94C7-1427-4971-A1AA-AA7FBF79F1FD}"
EndProject
Global
	GlobalSection(SolutionConfigurationPlatforms) = preSolution
		Debug|Any CPU = Debug|Any CPU
		Release|Any CPU = Release|Any CPU
	EndGlobalSection
	GlobalSection(ProjectConfigurationPlatforms) = postSolution
		{0E06A4B7-93E0-43F6-9F31-D179B370AE0C}.Debug|Any CPU.ActiveCfg = Debug|Any CPU
		{0E06A4B7-93E0-43F6-9F31-D179B370AE0C}.Debug|Any CPU.Build.0 = Debug|Any CPU
		{0E06A4B7-93E0-43F6-9F31-D179B370AE0C}.Release|Any CPU.ActiveCfg = Release|Any CPU
		{0E06A4B7-93E0-43F6-9F31-D179B370AE0C}.Release|Any CPU.Build.0 = Release|Any CPU
		{0C6298B9-6F86-4056-95A6-761281D1BE8B}.Debug|Any CPU.ActiveCfg = Debug|Any CPU
		{0C6298B9-6F86-4056-95A6-761281D1BE8B}.Debug|Any CPU.Build.0 = Debug|Any CPU
		{0C6298B9-6F86-4056-95A6-761281D1BE8B}.Release|Any CPU.ActiveCfg = Release|Any CPU
		{0C6298B9-6F86-4056-95A6-761281D1BE8B}.Release|Any CPU.Build.0 = Release|Any CPU
		{90BB94C7-1427-4971-A1AA-AA7FBF79F1FD}.Debug|Any CPU.ActiveCfg = Debug|Any CPU
		{90BB94C7-1427-4971-A1AA-AA7FBF79F1FD}.Debug|Any CPU.Build.0 = Debug|Any CPU
		{90BB94C7-1427-4971-A1AA-AA7FBF79F1FD}.Release|Any CPU.ActiveCfg = Release|Any CPU
		{90BB94C7-1427-4971-A1AA-AA7FBF79F1FD}.Release|Any CPU.Build.0 = Release|Any CPU
	EndGlobalSection
	GlobalSection(SolutionProperties) = preSolution
		HideSolutionNode = FALSE
	EndGlobalSection
	GlobalSection(ExtensibilityGlobals) = postSolution
		SolutionGuid = {B3BB20DB-DB90-4902-9102-5BDA7E91C141}
	EndGlobalSection
EndGlobal
